
Microsoft Visual Studio Solution File, Format Version 12.00
# Visual Studio Version 16
VisualStudioVersion = 16.0.32228.547
MinimumVisualStudioVersion = 10.0.40219.1
Project("{FAE04EC0-301F-11D3-BF4B-00C04F79EFBC}") = "Static_method hidding", "Static_method hidding\Static_method hidding.csproj", "{274685DC-7A72-4511-A782-465B7CA6FACE}"
EndProject
Global
	GlobalSection(SolutionConfigurationPlatforms) = preSolution
		Debug|Any CPU = Debug|Any CPU
		Release|Any CPU = Release|Any CPU
	EndGlobalSection
	GlobalSection(ProjectConfigurationPlatforms) = postSolution
		{274685DC-7A72-4511-A782-465B7CA6FACE}.Debug|Any CPU.ActiveCfg = Debug|Any CPU
		{274685DC-7A72-4511-A782-465B7CA6FACE}.Debug|Any CPU.Build.0 = Debug|Any CPU
		{274685DC-7A72-4511-A782-465B7CA6FACE}.Release|Any CPU.ActiveCfg = Release|Any CPU
		{274685DC-7A72-4511-A782-465B7CA6FACE}.Release|Any CPU.Build.0 = Release|Any CPU
	EndGlobalSection
	GlobalSection(SolutionProperties) = preSolution
		HideSolutionNode = FALSE
	EndGlobalSection
	GlobalSection(ExtensibilityGlobals) = postSolution
		SolutionGuid = {F2E1E79D-7601-42EE-89C6-BFE84711D97A}
	EndGlobalSection
EndGlobal
